
Microsoft Visual Studio Solution File, Format Version 12.00
# Visual Studio 14
VisualStudioVersion = 14.0.25420.1
MinimumVisualStudioVersion = 10.0.40219.1
Project("{FAE04EC0-301F-11D3-BF4B-00C04F79EFBC}") = "Northwind", "Northwind\Northwind.csproj", "{08A1F173-2E1E-407E-B7C6-8A2A7F845885}"
EndProject
Project("{FAE04EC0-301F-11D3-BF4B-00C04F79EFBC}") = "CapaDatos", "CapaDatos\CapaDatos.csproj", "{CDE06E99-58CF-4916-A9FB-8F57A6009758}"
EndProject
Project("{FAE04EC0-301F-11D3-BF4B-00C04F79EFBC}") = "CapaNegocio", "CapaNegocio\CapaNegocio.csproj", "{05C4F95B-5FBA-4E22-8005-92747B532974}"
EndProject
Project("{FAE04EC0-301F-11D3-BF4B-00C04F79EFBC}") = "CapaPresentacion", "CapaPresentacion\CapaPresentacion.csproj", "{EA97DB13-46F8-47D5-8898-4FFA97A1E60D}"
EndProject
Global
	GlobalSection(SolutionConfigurationPlatforms) = preSolution
		Debug|Any CPU = Debug|Any CPU
		Release|Any CPU = Release|Any CPU
	EndGlobalSection
	GlobalSection(ProjectConfigurationPlatforms) = postSolution
		{08A1F173-2E1E-407E-B7C6-8A2A7F845885}.Debug|Any CPU.ActiveCfg = Debug|Any CPU
		{08A1F173-2E1E-407E-B7C6-8A2A7F845885}.Debug|Any CPU.Build.0 = Debug|Any CPU
		{08A1F173-2E1E-407E-B7C6-8A2A7F845885}.Release|Any CPU.ActiveCfg = Release|Any CPU
		{08A1F173-2E1E-407E-B7C6-8A2A7F845885}.Release|Any CPU.Build.0 = Release|Any CPU
		{CDE06E99-58CF-4916-A9FB-8F57A6009758}.Debug|Any CPU.ActiveCfg = Debug|Any CPU
		{CDE06E99-58CF-4916-A9FB-8F57A6009758}.Debug|Any CPU.Build.0 = Debug|Any CPU
		{CDE06E99-58CF-4916-A9FB-8F57A6009758}.Release|Any CPU.ActiveCfg = Release|Any CPU
		{CDE06E99-58CF-4916-A9FB-8F57A6009758}.Release|Any CPU.Build.0 = Release|Any CPU
		{05C4F95B-5FBA-4E22-8005-92747B532974}.Debug|Any CPU.ActiveCfg = Debug|Any CPU
		{05C4F95B-5FBA-4E22-8005-92747B532974}.Debug|Any CPU.Build.0 = Debug|Any CPU
		{05C4F95B-5FBA-4E22-8005-92747B532974}.Release|Any CPU.ActiveCfg = Release|Any CPU
		{05C4F95B-5FBA-4E22-8005-92747B532974}.Release|Any CPU.Build.0 = Release|Any CPU
		{EA97DB13-46F8-47D5-8898-4FFA97A1E60D}.Debug|Any CPU.ActiveCfg = Debug|Any CPU
		{EA97DB13-46F8-47D5-8898-4FFA97A1E60D}.Debug|Any CPU.Build.0 = Debug|Any CPU
		{EA97DB13-46F8-47D5-8898-4FFA97A1E60D}.Release|Any CPU.ActiveCfg = Release|Any CPU
		{EA97DB13-46F8-47D5-8898-4FFA97A1E60D}.Release|Any CPU.Build.0 = Release|Any CPU
	EndGlobalSection
	GlobalSection(SolutionProperties) = preSolution
		HideSolutionNode = FALSE
	EndGlobalSection
EndGlobal
